
Microsoft Visual Studio Solution File, Format Version 12.00
Project("{FAE04EC0-301F-11D3-BF4B-00C04F79EFBC}") = "CryptoNI", "CryptoNI\CryptoNI.csproj", "{22B3B8AB-6649-439B-A141-59696C5D5706}"
EndProject
Project("{FAE04EC0-301F-11D3-BF4B-00C04F79EFBC}") = "CryptoNI.Tests", "CryptoNI.Tests\CryptoNI.Tests.csproj", "{0B121C74-C7F9-4B8A-A808-750362700D7B}"
EndProject
Global
	GlobalSection(SolutionConfigurationPlatforms) = preSolution
		Debug|Any CPU = Debug|Any CPU
		Release|Any CPU = Release|Any CPU
	EndGlobalSection
	GlobalSection(ProjectConfigurationPlatforms) = postSolution
		{22B3B8AB-6649-439B-A141-59696C5D5706}.Debug|Any CPU.ActiveCfg = Debug|Any CPU
		{22B3B8AB-6649-439B-A141-59696C5D5706}.Debug|Any CPU.Build.0 = Debug|Any CPU
		{22B3B8AB-6649-439B-A141-59696C5D5706}.Release|Any CPU.ActiveCfg = Release|Any CPU
		{22B3B8AB-6649-439B-A141-59696C5D5706}.Release|Any CPU.Build.0 = Release|Any CPU
		{0B121C74-C7F9-4B8A-A808-750362700D7B}.Debug|Any CPU.ActiveCfg = Debug|Any CPU
		{0B121C74-C7F9-4B8A-A808-750362700D7B}.Debug|Any CPU.Build.0 = Debug|Any CPU
		{0B121C74-C7F9-4B8A-A808-750362700D7B}.Release|Any CPU.ActiveCfg = Release|Any CPU
		{0B121C74-C7F9-4B8A-A808-750362700D7B}.Release|Any CPU.Build.0 = Release|Any CPU
	EndGlobalSection
EndGlobal
